{
  "nodes": {
    "cligen": {
      "inputs": {
        "flakeNimbleLib": [
          "flakeNimbleLib"
        ],
        "nixpkgs": [
          "nixpkgs"
        ],
        "src-cligen-v1_5_25": "src-cligen-v1_5_25"
      },
      "locked": {
        "dir": "v1_5_25",
        "lastModified": 1658031798,
        "narHash": "sha256-DDoj+5wLyWO2i8z8Y7sci6EVmki+F7COIWVu7NUAxfo=",
        "owner": "nim-nix-pkgs",
        "repo": "cligen",
        "rev": "b91968ec6df808ca63f0ab5706e5d3d29b538270",
        "type": "github"
      },
      "original": {
        "dir": "v1_5_25",
        "owner": "nim-nix-pkgs",
        "ref": "master",
        "repo": "cligen",
        "type": "github"
      }
    },
    "flakeNimbleLib": {
      "inputs": {
        "nixpkgs": [
          "nixpkgs"
        ]
      },
      "locked": {
        "lastModified": 1648105061,
        "narHash": "sha256-Je25qNlH4xrH3+m6vIq6yPvdfQ80FRTwX4JOhrRLduc=",
        "owner": "riinr",
        "repo": "nim-flakes-lib",
        "rev": "f1ec5e2f15b9f717c33b6942ce7cb344ff868522",
        "type": "github"
      },
      "original": {
        "owner": "riinr",
        "ref": "master",
        "repo": "nim-flakes-lib",
        "type": "github"
      }
    },
    "nimquery": {
      "inputs": {
        "flakeNimbleLib": [
          "flakeNimbleLib"
        ],
        "nixpkgs": [
          "nixpkgs"
        ],
        "src-nimquery-v2_0_0": "src-nimquery-v2_0_0"
      },
      "locked": {
        "dir": "v2_0_0",
        "lastModified": 1658032065,
        "narHash": "sha256-TB4E2XpTuKsFSKNziUWh5c5a0MFP44qjcjuZh4cttKQ=",
        "owner": "nim-nix-pkgs",
        "repo": "nimquery",
        "rev": "e8a0a9f86c03a61e3009528258ad2ff5861db6fb",
        "type": "github"
      },
      "original": {
        "dir": "v2_0_0",
        "owner": "nim-nix-pkgs",
        "ref": "master",
        "repo": "nimquery",
        "type": "github"
      }
    },
    "nixpkgs": {
      "locked": {
        "lastModified": 0,
        "narHash": "sha256-BBeCZwZImtjP3oYy4WogkQYy5OxNyfNciVSc1AfZgLQ=",
        "path": "/nix/store/z8fi1f38y14lmsyhnph1l98qr3r9x7wr-source",
        "type": "path"
      },
      "original": {
        "id": "nixpkgs",
        "type": "indirect"
      }
    },
    "root": {
      "inputs": {
        "cligen": "cligen",
        "flakeNimbleLib": "flakeNimbleLib",
        "nimquery": "nimquery",
        "nixpkgs": "nixpkgs",
        "src-fushin-master": "src-fushin-master"
      }
    },
    "src-cligen-v1_5_25": {
      "flake": false,
      "locked": {
        "lastModified": 1657803755,
        "narHash": "sha256-8eZY1U0m63iGGcM6U51RUe9KmNCWuup9F5rclaoVA7A=",
        "owner": "c-blake",
        "repo": "cligen",
        "rev": "b955b2d911cc12fb1f6095b3b901e4da889b93d1",
        "type": "github"
      },
      "original": {
        "owner": "c-blake",
        "ref": "refs/tags/v1.5.25",
        "repo": "cligen",
        "type": "github"
      }
    },
    "src-fushin-master": {
      "flake": false,
      "locked": {
        "lastModified": 1657584879,
        "narHash": "sha256-C5LZ+1boBpmBiFDug4nJZrhJggqgGi4K9fX8Z6dEvMQ=",
        "owner": "eggplants",
        "repo": "fushin",
        "rev": "be8473d82f92c4a23cd9825b8dfc14658d12f60f",
        "type": "github"
      },
      "original": {
        "owner": "eggplants",
        "ref": "refs/heads/master",
        "repo": "fushin",
        "type": "github"
      }
    },
    "src-nimquery-v2_0_0": {
      "flake": false,
      "locked": {
        "lastModified": 1654629123,
        "narHash": "sha256-QZFI6T2WMBP1Ipppq3YYEjlx+m7oZAAOeIN+Nt8RY2Q=",
        "owner": "GULPF",
        "repo": "nimquery",
        "rev": "e0608d938be92b4ddb187cb46d94afafceaa439e",
        "type": "github"
      },
      "original": {
        "owner": "GULPF",
        "ref": "refs/tags/v2.0.0",
        "repo": "nimquery",
        "type": "github"
      }
    }
  },
  "root": "root",
  "version": 7
}
